
Microsoft Visual Studio Solution File, Format Version 12.00
# Visual Studio Version 17
VisualStudioVersion = 17.5.2.0
MinimumVisualStudioVersion = 10.0.40219.1
Project("{FAE04EC0-301F-11D3-BF4B-00C04F79EFBC}") = "SamuraiMovieDB", "SamuraiMovieDB.csproj", "{88D75B03-3DCC-D517-59A5-49D27F229352}"
EndProject
Project("{FAE04EC0-301F-11D3-BF4B-00C04F79EFBC}") = "CRUDWithMySQL", "..\..\CourseraBackendDeveloper\04_DatabaseIntegration\CRUDWithMySQL\CRUDWithMySQL\CRUDWithMySQL.csproj", "{6DB35FFD-D752-410E-A3C3-E302EE818186}"
EndProject
Global
	GlobalSection(SolutionConfigurationPlatforms) = preSolution
		Debug|Any CPU = Debug|Any CPU
		Debug|x64 = Debug|x64
		Debug|x86 = Debug|x86
		Release|Any CPU = Release|Any CPU
		Release|x64 = Release|x64
		Release|x86 = Release|x86
	EndGlobalSection
	GlobalSection(ProjectConfigurationPlatforms) = postSolution
		{88D75B03-3DCC-D517-59A5-49D27F229352}.Debug|Any CPU.ActiveCfg = Debug|Any CPU
		{88D75B03-3DCC-D517-59A5-49D27F229352}.Debug|Any CPU.Build.0 = Debug|Any CPU
		{88D75B03-3DCC-D517-59A5-49D27F229352}.Debug|x64.ActiveCfg = Debug|Any CPU
		{88D75B03-3DCC-D517-59A5-49D27F229352}.Debug|x64.Build.0 = Debug|Any CPU
		{88D75B03-3DCC-D517-59A5-49D27F229352}.Debug|x86.ActiveCfg = Debug|Any CPU
		{88D75B03-3DCC-D517-59A5-49D27F229352}.Debug|x86.Build.0 = Debug|Any CPU
		{88D75B03-3DCC-D517-59A5-49D27F229352}.Release|Any CPU.ActiveCfg = Release|Any CPU
		{88D75B03-3DCC-D517-59A5-49D27F229352}.Release|Any CPU.Build.0 = Release|Any CPU
		{88D75B03-3DCC-D517-59A5-49D27F229352}.Release|x64.ActiveCfg = Release|Any CPU
		{88D75B03-3DCC-D517-59A5-49D27F229352}.Release|x64.Build.0 = Release|Any CPU
		{88D75B03-3DCC-D517-59A5-49D27F229352}.Release|x86.ActiveCfg = Release|Any CPU
		{88D75B03-3DCC-D517-59A5-49D27F229352}.Release|x86.Build.0 = Release|Any CPU
		{6DB35FFD-D752-410E-A3C3-E302EE818186}.Debug|Any CPU.ActiveCfg = Debug|Any CPU
		{6DB35FFD-D752-410E-A3C3-E302EE818186}.Debug|Any CPU.Build.0 = Debug|Any CPU
		{6DB35FFD-D752-410E-A3C3-E302EE818186}.Debug|x64.ActiveCfg = Debug|Any CPU
		{6DB35FFD-D752-410E-A3C3-E302EE818186}.Debug|x64.Build.0 = Debug|Any CPU
		{6DB35FFD-D752-410E-A3C3-E302EE818186}.Debug|x86.ActiveCfg = Debug|Any CPU
		{6DB35FFD-D752-410E-A3C3-E302EE818186}.Debug|x86.Build.0 = Debug|Any CPU
		{6DB35FFD-D752-410E-A3C3-E302EE818186}.Release|Any CPU.ActiveCfg = Release|Any CPU
		{6DB35FFD-D752-410E-A3C3-E302EE818186}.Release|Any CPU.Build.0 = Release|Any CPU
		{6DB35FFD-D752-410E-A3C3-E302EE818186}.Release|x64.ActiveCfg = Release|Any CPU
		{6DB35FFD-D752-410E-A3C3-E302EE818186}.Release|x64.Build.0 = Release|Any CPU
		{6DB35FFD-D752-410E-A3C3-E302EE818186}.Release|x86.ActiveCfg = Release|Any CPU
		{6DB35FFD-D752-410E-A3C3-E302EE818186}.Release|x86.Build.0 = Release|Any CPU
	EndGlobalSection
	GlobalSection(SolutionProperties) = preSolution
		HideSolutionNode = FALSE
	EndGlobalSection
	GlobalSection(ExtensibilityGlobals) = postSolution
		SolutionGuid = {796B3C0B-7B11-4736-A17B-C0D37A8D76B9}
	EndGlobalSection
EndGlobal
